
Microsoft Visual Studio Solution File, Format Version 12.00
# Visual Studio Version 17
VisualStudioVersion = 17.3.32825.248
MinimumVisualStudioVersion = 10.0.40219.1
Project("{FAE04EC0-301F-11D3-BF4B-00C04F79EFBC}") = "Assignment", "Assignment\Assignment.csproj", "{B978B059-48A8-487F-A095-E1CAE62A3EBA}"
EndProject
Project("{FAE04EC0-301F-11D3-BF4B-00C04F79EFBC}") = "GetterSetterDemo", "GetterSetterDemo\GetterSetterDemo.csproj", "{659777E5-BD99-48C3-A75A-ECE32C9EBE15}"
EndProject
Global
	GlobalSection(SolutionConfigurationPlatforms) = preSolution
		Debug|Any CPU = Debug|Any CPU
		Release|Any CPU = Release|Any CPU
	EndGlobalSection
	GlobalSection(ProjectConfigurationPlatforms) = postSolution
		{B978B059-48A8-487F-A095-E1CAE62A3EBA}.Debug|Any CPU.ActiveCfg = Debug|Any CPU
		{B978B059-48A8-487F-A095-E1CAE62A3EBA}.Debug|Any CPU.Build.0 = Debug|Any CPU
		{B978B059-48A8-487F-A095-E1CAE62A3EBA}.Release|Any CPU.ActiveCfg = Release|Any CPU
		{B978B059-48A8-487F-A095-E1CAE62A3EBA}.Release|Any CPU.Build.0 = Release|Any CPU
		{659777E5-BD99-48C3-A75A-ECE32C9EBE15}.Debug|Any CPU.ActiveCfg = Debug|Any CPU
		{659777E5-BD99-48C3-A75A-ECE32C9EBE15}.Debug|Any CPU.Build.0 = Debug|Any CPU
		{659777E5-BD99-48C3-A75A-ECE32C9EBE15}.Release|Any CPU.ActiveCfg = Release|Any CPU
		{659777E5-BD99-48C3-A75A-ECE32C9EBE15}.Release|Any CPU.Build.0 = Release|Any CPU
	EndGlobalSection
	GlobalSection(SolutionProperties) = preSolution
		HideSolutionNode = FALSE
	EndGlobalSection
	GlobalSection(ExtensibilityGlobals) = postSolution
		SolutionGuid = {A3DE797B-DDC5-411D-A224-394E49F6D7E9}
	EndGlobalSection
EndGlobal
