
Microsoft Visual Studio Solution File, Format Version 12.00
# Visual Studio Version 17
VisualStudioVersion = 17.3.32825.248
MinimumVisualStudioVersion = 10.0.40219.1
Project("{FAE04EC0-301F-11D3-BF4B-00C04F79EFBC}") = "FileIOStream", "FileIOStream\FileIOStream.csproj", "{7E71FA2E-08BC-4C76-A458-3C0D0E2C39E3}"
EndProject
Global
	GlobalSection(SolutionConfigurationPlatforms) = preSolution
		Debug|Any CPU = Debug|Any CPU
		Release|Any CPU = Release|Any CPU
	EndGlobalSection
	GlobalSection(ProjectConfigurationPlatforms) = postSolution
		{7E71FA2E-08BC-4C76-A458-3C0D0E2C39E3}.Debug|Any CPU.ActiveCfg = Debug|Any CPU
		{7E71FA2E-08BC-4C76-A458-3C0D0E2C39E3}.Debug|Any CPU.Build.0 = Debug|Any CPU
		{7E71FA2E-08BC-4C76-A458-3C0D0E2C39E3}.Release|Any CPU.ActiveCfg = Release|Any CPU
		{7E71FA2E-08BC-4C76-A458-3C0D0E2C39E3}.Release|Any CPU.Build.0 = Release|Any CPU
	EndGlobalSection
	GlobalSection(SolutionProperties) = preSolution
		HideSolutionNode = FALSE
	EndGlobalSection
	GlobalSection(ExtensibilityGlobals) = postSolution
		SolutionGuid = {B9C6D732-FF90-43A6-AA2C-25D16FB002EB}
	EndGlobalSection
EndGlobal
