
Microsoft Visual Studio Solution File, Format Version 12.00
# Visual Studio Version 17
VisualStudioVersion = 17.3.32825.248
MinimumVisualStudioVersion = 10.0.40219.1
Project("{FAE04EC0-301F-11D3-BF4B-00C04F79EFBC}") = "WindowsFormsApp1", "WindowsFormsApp1\WindowsFormsApp1.csproj", "{D5962A2A-0667-4171-BF4A-91D9F1379207}"
EndProject
Project("{FAE04EC0-301F-11D3-BF4B-00C04F79EFBC}") = "LogInForm", "LogInForm\LogInForm.csproj", "{C0F7EA71-3C47-4274-9EEC-23A199D8D5CB}"
EndProject
Global
	GlobalSection(SolutionConfigurationPlatforms) = preSolution
		Debug|Any CPU = Debug|Any CPU
		Release|Any CPU = Release|Any CPU
	EndGlobalSection
	GlobalSection(ProjectConfigurationPlatforms) = postSolution
		{D5962A2A-0667-4171-BF4A-91D9F1379207}.Debug|Any CPU.ActiveCfg = Debug|Any CPU
		{D5962A2A-0667-4171-BF4A-91D9F1379207}.Debug|Any CPU.Build.0 = Debug|Any CPU
		{D5962A2A-0667-4171-BF4A-91D9F1379207}.Release|Any CPU.ActiveCfg = Release|Any CPU
		{D5962A2A-0667-4171-BF4A-91D9F1379207}.Release|Any CPU.Build.0 = Release|Any CPU
		{C0F7EA71-3C47-4274-9EEC-23A199D8D5CB}.Debug|Any CPU.ActiveCfg = Debug|Any CPU
		{C0F7EA71-3C47-4274-9EEC-23A199D8D5CB}.Debug|Any CPU.Build.0 = Debug|Any CPU
		{C0F7EA71-3C47-4274-9EEC-23A199D8D5CB}.Release|Any CPU.ActiveCfg = Release|Any CPU
		{C0F7EA71-3C47-4274-9EEC-23A199D8D5CB}.Release|Any CPU.Build.0 = Release|Any CPU
	EndGlobalSection
	GlobalSection(SolutionProperties) = preSolution
		HideSolutionNode = FALSE
	EndGlobalSection
	GlobalSection(ExtensibilityGlobals) = postSolution
		SolutionGuid = {5570F54F-5A68-4E26-9428-90933437C4A7}
	EndGlobalSection
EndGlobal
