
Microsoft Visual Studio Solution File, Format Version 12.00
# Visual Studio Version 17
VisualStudioVersion = 17.7.34202.233
MinimumVisualStudioVersion = 10.0.40219.1
Project("{FAE04EC0-301F-11D3-BF4B-00C04F79EFBC}") = "00Basic", "00Basic\00Basic.csproj", "{F44397D9-F861-4338-AA75-10DC747D4391}"
EndProject
Project("{FAE04EC0-301F-11D3-BF4B-00C04F79EFBC}") = "00BasicCore", "00BasicCore\00BasicCore.csproj", "{7828037D-9D5C-46A6-A92E-37CEF1DB2561}"
EndProject
Project("{FAE04EC0-301F-11D3-BF4B-00C04F79EFBC}") = "02BasicCore", "02BasicCore\02BasicCore.csproj", "{9F887CEA-C1B4-43F1-B6CE-610EDE9903F3}"
EndProject
Project("{FAE04EC0-301F-11D3-BF4B-00C04F79EFBC}") = "03ClassDemo", "03ClassDemo\03ClassDemo.csproj", "{AC9DDCAF-C145-4437-846F-99B0E8D782F4}"
EndProject
Project("{FAE04EC0-301F-11D3-BF4B-00C04F79EFBC}") = "04DemoInterface", "04DemoInterface\04DemoInterface.csproj", "{FF1F944F-9E67-45A3-ADC7-95910941DEBE}"
EndProject
Project("{FAE04EC0-301F-11D3-BF4B-00C04F79EFBC}") = "05Interface", "05Interface\05Interface.csproj", "{4262B81F-066E-4FFB-8AA1-66BA16F7BB1E}"
EndProject
Project("{FAE04EC0-301F-11D3-BF4B-00C04F79EFBC}") = "06Abstarct", "06Abstarct\06Abstarct.csproj", "{F54E757F-D6B7-453B-8679-07C535B5AFD8}"
EndProject
Global
	GlobalSection(SolutionConfigurationPlatforms) = preSolution
		Debug|Any CPU = Debug|Any CPU
		Release|Any CPU = Release|Any CPU
	EndGlobalSection
	GlobalSection(ProjectConfigurationPlatforms) = postSolution
		{F44397D9-F861-4338-AA75-10DC747D4391}.Debug|Any CPU.ActiveCfg = Debug|Any CPU
		{F44397D9-F861-4338-AA75-10DC747D4391}.Debug|Any CPU.Build.0 = Debug|Any CPU
		{F44397D9-F861-4338-AA75-10DC747D4391}.Release|Any CPU.ActiveCfg = Release|Any CPU
		{F44397D9-F861-4338-AA75-10DC747D4391}.Release|Any CPU.Build.0 = Release|Any CPU
		{7828037D-9D5C-46A6-A92E-37CEF1DB2561}.Debug|Any CPU.ActiveCfg = Debug|Any CPU
		{7828037D-9D5C-46A6-A92E-37CEF1DB2561}.Debug|Any CPU.Build.0 = Debug|Any CPU
		{7828037D-9D5C-46A6-A92E-37CEF1DB2561}.Release|Any CPU.ActiveCfg = Release|Any CPU
		{7828037D-9D5C-46A6-A92E-37CEF1DB2561}.Release|Any CPU.Build.0 = Release|Any CPU
		{9F887CEA-C1B4-43F1-B6CE-610EDE9903F3}.Debug|Any CPU.ActiveCfg = Debug|Any CPU
		{9F887CEA-C1B4-43F1-B6CE-610EDE9903F3}.Debug|Any CPU.Build.0 = Debug|Any CPU
		{9F887CEA-C1B4-43F1-B6CE-610EDE9903F3}.Release|Any CPU.ActiveCfg = Release|Any CPU
		{9F887CEA-C1B4-43F1-B6CE-610EDE9903F3}.Release|Any CPU.Build.0 = Release|Any CPU
		{AC9DDCAF-C145-4437-846F-99B0E8D782F4}.Debug|Any CPU.ActiveCfg = Debug|Any CPU
		{AC9DDCAF-C145-4437-846F-99B0E8D782F4}.Debug|Any CPU.Build.0 = Debug|Any CPU
		{AC9DDCAF-C145-4437-846F-99B0E8D782F4}.Release|Any CPU.ActiveCfg = Release|Any CPU
		{AC9DDCAF-C145-4437-846F-99B0E8D782F4}.Release|Any CPU.Build.0 = Release|Any CPU
		{FF1F944F-9E67-45A3-ADC7-95910941DEBE}.Debug|Any CPU.ActiveCfg = Debug|Any CPU
		{FF1F944F-9E67-45A3-ADC7-95910941DEBE}.Debug|Any CPU.Build.0 = Debug|Any CPU
		{FF1F944F-9E67-45A3-ADC7-95910941DEBE}.Release|Any CPU.ActiveCfg = Release|Any CPU
		{FF1F944F-9E67-45A3-ADC7-95910941DEBE}.Release|Any CPU.Build.0 = Release|Any CPU
		{4262B81F-066E-4FFB-8AA1-66BA16F7BB1E}.Debug|Any CPU.ActiveCfg = Debug|Any CPU
		{4262B81F-066E-4FFB-8AA1-66BA16F7BB1E}.Debug|Any CPU.Build.0 = Debug|Any CPU
		{4262B81F-066E-4FFB-8AA1-66BA16F7BB1E}.Release|Any CPU.ActiveCfg = Release|Any CPU
		{4262B81F-066E-4FFB-8AA1-66BA16F7BB1E}.Release|Any CPU.Build.0 = Release|Any CPU
		{F54E757F-D6B7-453B-8679-07C535B5AFD8}.Debug|Any CPU.ActiveCfg = Debug|Any CPU
		{F54E757F-D6B7-453B-8679-07C535B5AFD8}.Debug|Any CPU.Build.0 = Debug|Any CPU
		{F54E757F-D6B7-453B-8679-07C535B5AFD8}.Release|Any CPU.ActiveCfg = Release|Any CPU
		{F54E757F-D6B7-453B-8679-07C535B5AFD8}.Release|Any CPU.Build.0 = Release|Any CPU
	EndGlobalSection
	GlobalSection(SolutionProperties) = preSolution
		HideSolutionNode = FALSE
	EndGlobalSection
	GlobalSection(ExtensibilityGlobals) = postSolution
		SolutionGuid = {E716ED1A-9B0A-4589-A1C2-F7CCC555E7E8}
	EndGlobalSection
EndGlobal
