
Microsoft Visual Studio Solution File, Format Version 12.00
# Visual Studio Version 17
VisualStudioVersion = 17.3.32825.248
MinimumVisualStudioVersion = 10.0.40219.1
Project("{FAE04EC0-301F-11D3-BF4B-00C04F79EFBC}") = "SessionDemo", "SessionDemo\SessionDemo.csproj", "{57C84559-C90D-4172-A654-10014F34A9B7}"
EndProject
Global
	GlobalSection(SolutionConfigurationPlatforms) = preSolution
		Debug|Any CPU = Debug|Any CPU
		Release|Any CPU = Release|Any CPU
	EndGlobalSection
	GlobalSection(ProjectConfigurationPlatforms) = postSolution
		{57C84559-C90D-4172-A654-10014F34A9B7}.Debug|Any CPU.ActiveCfg = Debug|Any CPU
		{57C84559-C90D-4172-A654-10014F34A9B7}.Debug|Any CPU.Build.0 = Debug|Any CPU
		{57C84559-C90D-4172-A654-10014F34A9B7}.Release|Any CPU.ActiveCfg = Release|Any CPU
		{57C84559-C90D-4172-A654-10014F34A9B7}.Release|Any CPU.Build.0 = Release|Any CPU
	EndGlobalSection
	GlobalSection(SolutionProperties) = preSolution
		HideSolutionNode = FALSE
	EndGlobalSection
	GlobalSection(ExtensibilityGlobals) = postSolution
		SolutionGuid = {38FD41ED-8ECE-4CBB-833B-99D838C0B7E4}
	EndGlobalSection
EndGlobal
